
Microsoft Visual Studio Solution File, Format Version 12.00
# Visual Studio 2012
Project("{FAE04EC0-301F-11D3-BF4B-00C04F79EFBC}") = "Mailbox Tester", "Mailbox Tester\Mailbox Tester.csproj", "{1AADE703-2664-4C78-BCF6-4EC93BBC776B}"
EndProject
Global
	GlobalSection(SolutionConfigurationPlatforms) = preSolution
		Debug|Any CPU = Debug|Any CPU
		Release|Any CPU = Release|Any CPU
	EndGlobalSection
	GlobalSection(ProjectConfigurationPlatforms) = postSolution
		{1AADE703-2664-4C78-BCF6-4EC93BBC776B}.Debug|Any CPU.ActiveCfg = Debug|Any CPU
		{1AADE703-2664-4C78-BCF6-4EC93BBC776B}.Debug|Any CPU.Build.0 = Debug|Any CPU
		{1AADE703-2664-4C78-BCF6-4EC93BBC776B}.Release|Any CPU.ActiveCfg = Release|Any CPU
		{1AADE703-2664-4C78-BCF6-4EC93BBC776B}.Release|Any CPU.Build.0 = Release|Any CPU
	EndGlobalSection
	GlobalSection(SolutionProperties) = preSolution
		HideSolutionNode = FALSE
	EndGlobalSection
EndGlobal
